
Microsoft Visual Studio Solution File, Format Version 12.00
# Visual Studio Version 17
VisualStudioVersion = 17.4.33403.182
MinimumVisualStudioVersion = 10.0.40219.1
Project("{FAE04EC0-301F-11D3-BF4B-00C04F79EFBC}") = "csudh", "csudh\csudh.csproj", "{1ACED3E9-3FCF-4228-81F3-09A95B50FBC2}"
EndProject
Global
	GlobalSection(SolutionConfigurationPlatforms) = preSolution
		Debug|Any CPU = Debug|Any CPU
		Release|Any CPU = Release|Any CPU
	EndGlobalSection
	GlobalSection(ProjectConfigurationPlatforms) = postSolution
		{1ACED3E9-3FCF-4228-81F3-09A95B50FBC2}.Debug|Any CPU.ActiveCfg = Debug|Any CPU
		{1ACED3E9-3FCF-4228-81F3-09A95B50FBC2}.Debug|Any CPU.Build.0 = Debug|Any CPU
		{1ACED3E9-3FCF-4228-81F3-09A95B50FBC2}.Release|Any CPU.ActiveCfg = Release|Any CPU
		{1ACED3E9-3FCF-4228-81F3-09A95B50FBC2}.Release|Any CPU.Build.0 = Release|Any CPU
	EndGlobalSection
	GlobalSection(SolutionProperties) = preSolution
		HideSolutionNode = FALSE
	EndGlobalSection
	GlobalSection(ExtensibilityGlobals) = postSolution
		SolutionGuid = {E57AA312-4863-41F9-AF80-B93887EB1A2C}
	EndGlobalSection
EndGlobal
